// !$*UTF8*$!
{
	archiveVersion = 1;
	classes = {
	};
	objectVersion = 46;
	objects = {

/* Begin PBXBuildFile section */
		43D09B651F431D90001A443A /* AppDelegate.swift in Sources */ = {isa = PBXBuildFile; fileRef = 43D09B641F431D90001A443A /* AppDelegate.swift */; };
		43D09B671F431D90001A443A /* ViewController.swift in Sources */ = {isa = PBXBuildFile; fileRef = 43D09B661F431D90001A443A /* ViewController.swift */; };
		43D09B6A1F431D90001A443A /* Main.storyboard in Resources */ = {isa = PBXBuildFile; fileRef = 43D09B681F431D90001A443A /* Main.storyboard */; };
		43D09B6C1F431D90001A443A /* Assets.xcassets in Resources */ = {isa = PBXBuildFile; fileRef = 43D09B6B1F431D90001A443A /* Assets.xcassets */; };
		43D09B6F1F431D90001A443A /* LaunchScreen.storyboard in Resources */ = {isa = PBXBuildFile; fileRef = 43D09B6D1F431D90001A443A /* LaunchScreen.storyboard */; };
		43D09B7A1F431D90001A443A /* Swift_Local_WebView_SampleTests.swift in Sources */ = {isa = PBXBuildFile; fileRef = 43D09B791F431D90001A443A /* Swift_Local_WebView_SampleTests.swift */; };
		43D09B851F431D90001A443A /* Swift_Local_WebView_SampleUITests.swift in Sources */ = {isa = PBXBuildFile; fileRef = 43D09B841F431D90001A443A /* Swift_Local_WebView_SampleUITests.swift */; };
		43D09B941F431D9E001A443A /* WebKit.framework in Frameworks */ = {isa = PBXBuildFile; fileRef = 43D09B931F431D9E001A443A /* WebKit.framework */; };
		43D09B9A1F43217F001A443A /* GetNativeValues.swift in Sources */ = {isa = PBXBuildFile; fileRef = 43D09B991F43217F001A443A /* GetNativeValues.swift */; };
		43D09C291F5BFB0A001A443A /* Document in Resources */ = {isa = PBXBuildFile; fileRef = 43D09C281F5BFB0A001A443A /* Document */; };
		43D09C2F1F5BFB89001A443A /* Library in Resources */ = {isa = PBXBuildFile; fileRef = 43D09C2E1F5BFB89001A443A /* Library */; };
		43D09C311F5BFB97001A443A /* tmp in Resources */ = {isa = PBXBuildFile; fileRef = 43D09C301F5BFB97001A443A /* tmp */; };
/* End PBXBuildFile section */

/* Begin PBXContainerItemProxy section */
		43D09B761F431D90001A443A /* PBXContainerItemProxy */ = {
			isa = PBXContainerItemProxy;
			containerPortal = 43D09B591F431D90001A443A /* Project object */;
			proxyType = 1;
			remoteGlobalIDString = 43D09B601F431D90001A443A;
			remoteInfo = "Swift-Local_WebView-Sample";
		};
		43D09B811F431D90001A443A /* PBXContainerItemProxy */ = {
			isa = PBXContainerItemProxy;
			containerPortal = 43D09B591F431D90001A443A /* Project object */;
			proxyType = 1;
			remoteGlobalIDString = 43D09B601F431D90001A443A;
			remoteInfo = "Swift-Local_WebView-Sample";
		};
/* End PBXContainerItemProxy section */

/* Begin PBXFileReference section */
		43D09B611F431D90001A443A /* Swift-Local_WebView-Sample.app */ = {isa = PBXFileReference; explicitFileType = wrapper.application; includeInIndex = 0; path = "Swift-Local_WebView-Sample.app"; sourceTree = BUILT_PRODUCTS_DIR; };
		43D09B641F431D90001A443A /* AppDelegate.swift */ = {isa = PBXFileReference; lastKnownFileType = sourcecode.swift; path = AppDelegate.swift; sourceTree = "<group>"; };
		43D09B661F431D90001A443A /* ViewController.swift */ = {isa = PBXFileReference; lastKnownFileType = sourcecode.swift; path = ViewController.swift; sourceTree = "<group>"; };
		43D09B691F431D90001A443A /* Base */ = {isa = PBXFileReference; lastKnownFileType = file.storyboard; name = Base; path = Base.lproj/Main.storyboard; sourceTree = "<group>"; };
		43D09B6B1F431D90001A443A /* Assets.xcassets */ = {isa = PBXFileReference; lastKnownFileType = folder.assetcatalog; path = Assets.xcassets; sourceTree = "<group>"; };
		43D09B6E1F431D90001A443A /* Base */ = {isa = PBXFileReference; lastKnownFileType = file.storyboard; name = Base; path = Base.lproj/LaunchScreen.storyboard; sourceTree = "<group>"; };
		43D09B701F431D90001A443A /* Info.plist */ = {isa = PBXFileReference; lastKnownFileType = text.plist.xml; path = Info.plist; sourceTree = "<group>"; };
		43D09B751F431D90001A443A /* Swift-Local_WebView-SampleTests.xctest */ = {isa = PBXFileReference; explicitFileType = wrapper.cfbundle; includeInIndex = 0; path = "Swift-Local_WebView-SampleTests.xctest"; sourceTree = BUILT_PRODUCTS_DIR; };
		43D09B791F431D90001A443A /* Swift_Local_WebView_SampleTests.swift */ = {isa = PBXFileReference; lastKnownFileType = sourcecode.swift; path = Swift_Local_WebView_SampleTests.swift; sourceTree = "<group>"; };
		43D09B7B1F431D90001A443A /* Info.plist */ = {isa = PBXFileReference; lastKnownFileType = text.plist.xml; path = Info.plist; sourceTree = "<group>"; };
		43D09B801F431D90001A443A /* Swift-Local_WebView-SampleUITests.xctest */ = {isa = PBXFileReference; explicitFileType = wrapper.cfbundle; includeInIndex = 0; path = "Swift-Local_WebView-SampleUITests.xctest"; sourceTree = BUILT_PRODUCTS_DIR; };
		43D09B841F431D90001A443A /* Swift_Local_WebView_SampleUITests.swift */ = {isa = PBXFileReference; lastKnownFileType = sourcecode.swift; path = Swift_Local_WebView_SampleUITests.swift; sourceTree = "<group>"; };
		43D09B861F431D90001A443A /* Info.plist */ = {isa = PBXFileReference; lastKnownFileType = text.plist.xml; path = Info.plist; sourceTree = "<group>"; };
		43D09B931F431D9E001A443A /* WebKit.framework */ = {isa = PBXFileReference; lastKnownFileType = wrapper.framework; name = WebKit.framework; path = System/Library/Frameworks/WebKit.framework; sourceTree = SDKROOT; };
		43D09B991F43217F001A443A /* GetNativeValues.swift */ = {isa = PBXFileReference; fileEncoding = 4; lastKnownFileType = sourcecode.swift; path = GetNativeValues.swift; sourceTree = "<group>"; };
		43D09C281F5BFB0A001A443A /* Document */ = {isa = PBXFileReference; lastKnownFileType = folder; name = Document; path = ../../../Document; sourceTree = "<group>"; };
		43D09C2E1F5BFB89001A443A /* Library */ = {isa = PBXFileReference; lastKnownFileType = folder; name = Library; path = ../../../Library; sourceTree = "<group>"; };
		43D09C301F5BFB97001A443A /* tmp */ = {isa = PBXFileReference; lastKnownFileType = folder; name = tmp; path = ../../../tmp; sourceTree = "<group>"; };
/* End PBXFileReference section */

/* Begin PBXFrameworksBuildPhase section */
		43D09B5E1F431D90001A443A /* Frameworks */ = {
			isa = PBXFrameworksBuildPhase;
			buildActionMask = 2147483647;
			files = (
				43D09B941F431D9E001A443A /* WebKit.framework in Frameworks */,
			);
			runOnlyForDeploymentPostprocessing = 0;
		};
		43D09B721F431D90001A443A /* Frameworks */ = {
			isa = PBXFrameworksBuildPhase;
			buildActionMask = 2147483647;
			files = (
			);
			runOnlyForDeploymentPostprocessing = 0;
		};
		43D09B7D1F431D90001A443A /* Frameworks */ = {
			isa = PBXFrameworksBuildPhase;
			buildActionMask = 2147483647;
			files = (
			);
			runOnlyForDeploymentPostprocessing = 0;
		};
/* End PBXFrameworksBuildPhase section */

/* Begin PBXGroup section */
		43D09B581F431D90001A443A = {
			isa = PBXGroup;
			children = (
				43D09B631F431D90001A443A /* Swift-Local_WebView-Sample */,
				43D09B781F431D90001A443A /* Swift-Local_WebView-SampleTests */,
				43D09B831F431D90001A443A /* Swift-Local_WebView-SampleUITests */,
				43D09B621F431D90001A443A /* Products */,
				43D09B921F431D9E001A443A /* Frameworks */,
			);
			sourceTree = "<group>";
		};
		43D09B621F431D90001A443A /* Products */ = {
			isa = PBXGroup;
			children = (
				43D09B611F431D90001A443A /* Swift-Local_WebView-Sample.app */,
				43D09B751F431D90001A443A /* Swift-Local_WebView-SampleTests.xctest */,
				43D09B801F431D90001A443A /* Swift-Local_WebView-SampleUITests.xctest */,
			);
			name = Products;
			sourceTree = "<group>";
		};
		43D09B631F431D90001A443A /* Swift-Local_WebView-Sample */ = {
			isa = PBXGroup;
			children = (
				43D09C301F5BFB97001A443A /* tmp */,
				43D09C2E1F5BFB89001A443A /* Library */,
				43D09C281F5BFB0A001A443A /* Document */,
				43D09B641F431D90001A443A /* AppDelegate.swift */,
				43D09B661F431D90001A443A /* ViewController.swift */,
				43D09B681F431D90001A443A /* Main.storyboard */,
				43D09B6B1F431D90001A443A /* Assets.xcassets */,
				43D09B6D1F431D90001A443A /* LaunchScreen.storyboard */,
				43D09B701F431D90001A443A /* Info.plist */,
				43D09B991F43217F001A443A /* GetNativeValues.swift */,
			);
			path = "Swift-Local_WebView-Sample";
			sourceTree = "<group>";
		};
		43D09B781F431D90001A443A /* Swift-Local_WebView-SampleTests */ = {
			isa = PBXGroup;
			children = (
				43D09B791F431D90001A443A /* Swift_Local_WebView_SampleTests.swift */,
				43D09B7B1F431D90001A443A /* Info.plist */,
			);
			path = "Swift-Local_WebView-SampleTests";
			sourceTree = "<group>";
		};
		43D09B831F431D90001A443A /* Swift-Local_WebView-SampleUITests */ = {
			isa = PBXGroup;
			children = (
				43D09B841F431D90001A443A /* Swift_Local_WebView_SampleUITests.swift */,
				43D09B861F431D90001A443A /* Info.plist */,
			);
			path = "Swift-Local_WebView-SampleUITests";
			sourceTree = "<group>";
		};
		43D09B921F431D9E001A443A /* Frameworks */ = {
			isa = PBXGroup;
			children = (
				43D09B931F431D9E001A443A /* WebKit.framework */,
			);
			name = Frameworks;
			sourceTree = "<group>";
		};
/* End PBXGroup section */

/* Begin PBXNativeTarget section */
		43D09B601F431D90001A443A /* Swift-Local_WebView-Sample */ = {
			isa = PBXNativeTarget;
			buildConfigurationList = 43D09B891F431D90001A443A /* Build configuration list for PBXNativeTarget "Swift-Local_WebView-Sample" */;
			buildPhases = (
				43D09B5D1F431D90001A443A /* Sources */,
				43D09B5E1F431D90001A443A /* Frameworks */,
				43D09B5F1F431D90001A443A /* Resources */,
			);
			buildRules = (
			);
			dependencies = (
			);
			name = "Swift-Local_WebView-Sample";
			productName = "Swift-Local_WebView-Sample";
			productReference = 43D09B611F431D90001A443A /* Swift-Local_WebView-Sample.app */;
			productType = "com.apple.product-type.application";
		};
		43D09B741F431D90001A443A /* Swift-Local_WebView-SampleTests */ = {
			isa = PBXNativeTarget;
			buildConfigurationList = 43D09B8C1F431D90001A443A /* Build configuration list for PBXNativeTarget "Swift-Local_WebView-SampleTests" */;
			buildPhases = (
				43D09B711F431D90001A443A /* Sources */,
				43D09B721F431D90001A443A /* Frameworks */,
				43D09B731F431D90001A443A /* Resources */,
			);
			buildRules = (
			);
			dependencies = (
				43D09B771F431D90001A443A /* PBXTargetDependency */,
			);
			name = "Swift-Local_WebView-SampleTests";
			productName = "Swift-Local_WebView-SampleTests";
			productReference = 43D09B751F431D90001A443A /* Swift-Local_WebView-SampleTests.xctest */;
			productType = "com.apple.product-type.bundle.unit-test";
		};
		43D09B7F1F431D90001A443A /* Swift-Local_WebView-SampleUITests */ = {
			isa = PBXNativeTarget;
			buildConfigurationList = 43D09B8F1F431D90001A443A /* Build configuration list for PBXNativeTarget "Swift-Local_WebView-SampleUITests" */;
			buildPhases = (
				43D09B7C1F431D90001A443A /* Sources */,
				43D09B7D1F431D90001A443A /* Frameworks */,
				43D09B7E1F431D90001A443A /* Resources */,
			);
			buildRules = (
			);
			dependencies = (
				43D09B821F431D90001A443A /* PBXTargetDependency */,
			);
			name = "Swift-Local_WebView-SampleUITests";
			productName = "Swift-Local_WebView-SampleUITests";
			productReference = 43D09B801F431D90001A443A /* Swift-Local_WebView-SampleUITests.xctest */;
			productType = "com.apple.product-type.bundle.ui-testing";
		};
/* End PBXNativeTarget section */

/* Begin PBXProject section */
		43D09B591F431D90001A443A /* Project object */ = {
			isa = PBXProject;
			attributes = {
				LastSwiftUpdateCheck = 0830;
				LastUpgradeCheck = 0830;
				ORGANIZATIONNAME = "竹内健";
				TargetAttributes = {
					43D09B601F431D90001A443A = {
						CreatedOnToolsVersion = 8.3.3;
						ProvisioningStyle = Automatic;
					};
					43D09B741F431D90001A443A = {
						CreatedOnToolsVersion = 8.3.3;
						ProvisioningStyle = Automatic;
						TestTargetID = 43D09B601F431D90001A443A;
					};
					43D09B7F1F431D90001A443A = {
						CreatedOnToolsVersion = 8.3.3;
						ProvisioningStyle = Automatic;
						TestTargetID = 43D09B601F431D90001A443A;
					};
				};
			};
			buildConfigurationList = 43D09B5C1F431D90001A443A /* Build configuration list for PBXProject "Swift-Local_WebView-Sample" */;
			compatibilityVersion = "Xcode 3.2";
			developmentRegion = English;
			hasScannedForEncodings = 0;
			knownRegions = (
				en,
				Base,
			);
			mainGroup = 43D09B581F431D90001A443A;
			productRefGroup = 43D09B621F431D90001A443A /* Products */;
			projectDirPath = "";
			projectRoot = "";
			targets = (
				43D09B601F431D90001A443A /* Swift-Local_WebView-Sample */,
				43D09B741F431D90001A443A /* Swift-Local_WebView-SampleTests */,
				43D09B7F1F431D90001A443A /* Swift-Local_WebView-SampleUITests */,
			);
		};
/* End PBXProject section */

/* Begin PBXResourcesBuildPhase section */
		43D09B5F1F431D90001A443A /* Resources */ = {
			isa = PBXResourcesBuildPhase;
			buildActionMask = 2147483647;
			files = (
				43D09C2F1F5BFB89001A443A /* Library in Resources */,
				43D09B6F1F431D90001A443A /* LaunchScreen.storyboard in Resources */,
				43D09C311F5BFB97001A443A /* tmp in Resources */,
				43D09B6C1F431D90001A443A /* Assets.xcassets in Resources */,
				43D09C291F5BFB0A001A443A /* Document in Resources */,
				43D09B6A1F431D90001A443A /* Main.storyboard in Resources */,
			);
			runOnlyForDeploymentPostprocessing = 0;
		};
		43D09B731F431D90001A443A /* Resources */ = {
			isa = PBXResourcesBuildPhase;
			buildActionMask = 2147483647;
			files = (
			);
			runOnlyForDeploymentPostprocessing = 0;
		};
		43D09B7E1F431D90001A443A /* Resources */ = {
			isa = PBXResourcesBuildPhase;
			buildActionMask = 2147483647;
			files = (
			);
			runOnlyForDeploymentPostprocessing = 0;
		};
/* End PBXResourcesBuildPhase section */

/* Begin PBXSourcesBuildPhase section */
		43D09B5D1F431D90001A443A /* Sources */ = {
			isa = PBXSourcesBuildPhase;
			buildActionMask = 2147483647;
			files = (
				43D09B9A1F43217F001A443A /* GetNativeValues.swift in Sources */,
				43D09B671F431D90001A443A /* ViewController.swift in Sources */,
				43D09B651F431D90001A443A /* AppDelegate.swift in Sources */,
			);
			runOnlyForDeploymentPostprocessing = 0;
		};
		43D09B711F431D90001A443A /* Sources */ = {
			isa = PBXSourcesBuildPhase;
			buildActionMask = 2147483647;
			files = (
				43D09B7A1F431D90001A443A /* Swift_Local_WebView_SampleTests.swift in Sources */,
			);
			runOnlyForDeploymentPostprocessing = 0;
		};
		43D09B7C1F431D90001A443A /* Sources */ = {
			isa = PBXSourcesBuildPhase;
			buildActionMask = 2147483647;
			files = (
				43D09B851F431D90001A443A /* Swift_Local_WebView_SampleUITests.swift in Sources */,
			);
			runOnlyForDeploymentPostprocessing = 0;
		};
/* End PBXSourcesBuildPhase section */

/* Begin PBXTargetDependency section */
		43D09B771F431D90001A443A /* PBXTargetDependency */ = {
			isa = PBXTargetDependency;
			target = 43D09B601F431D90001A443A /* Swift-Local_WebView-Sample */;
			targetProxy = 43D09B761F431D90001A443A /* PBXContainerItemProxy */;
		};
		43D09B821F431D90001A443A /* PBXTargetDependency */ = {
			isa = PBXTargetDependency;
			target = 43D09B601F431D90001A443A /* Swift-Local_WebView-Sample */;
			targetProxy = 43D09B811F431D90001A443A /* PBXContainerItemProxy */;
		};
/* End PBXTargetDependency section */

/* Begin PBXVariantGroup section */
		43D09B681F431D90001A443A /* Main.storyboard */ = {
			isa = PBXVariantGroup;
			children = (
				43D09B691F431D90001A443A /* Base */,
			);
			name = Main.storyboard;
			sourceTree = "<group>";
		};
		43D09B6D1F431D90001A443A /* LaunchScreen.storyboard */ = {
			isa = PBXVariantGroup;
			children = (
				43D09B6E1F431D90001A443A /* Base */,
			);
			name = LaunchScreen.storyboard;
			sourceTree = "<group>";
		};
/* End PBXVariantGroup section */

/* Begin XCBuildConfiguration section */
		43D09B871F431D90001A443A /* Debug */ = {
			isa = XCBuildConfiguration;
			buildSettings = {
				ALWAYS_SEARCH_USER_PATHS = NO;
				CLANG_ANALYZER_NONNULL = YES;
				CLANG_ANALYZER_NUMBER_OBJECT_CONVERSION = YES_AGGRESSIVE;
				CLANG_CXX_LANGUAGE_STANDARD = "gnu++0x";
				CLANG_CXX_LIBRARY = "libc++";
				CLANG_ENABLE_MODULES = YES;
				CLANG_ENABLE_OBJC_ARC = YES;
				CLANG_WARN_BOOL_CONVERSION = YES;
				CLANG_WARN_CONSTANT_CONVERSION = YES;
				CLANG_WARN_DIRECT_OBJC_ISA_USAGE = YES_ERROR;
				CLANG_WARN_DOCUMENTATION_COMMENTS = YES;
				CLANG_WARN_EMPTY_BODY = YES;
				CLANG_WARN_ENUM_CONVERSION = YES;
				CLANG_WARN_INFINITE_RECURSION = YES;
				CLANG_WARN_INT_CONVERSION = YES;
				CLANG_WARN_OBJC_ROOT_CLASS = YES_ERROR;
				CLANG_WARN_SUSPICIOUS_MOVE = YES;
				CLANG_WARN_UNREACHABLE_CODE = YES;
				CLANG_WARN__DUPLICATE_METHOD_MATCH = YES;
				"CODE_SIGN_IDENTITY[sdk=iphoneos*]" = "iPhone Developer";
				COPY_PHASE_STRIP = NO;
				DEBUG_INFORMATION_FORMAT = dwarf;
				ENABLE_STRICT_OBJC_MSGSEND = YES;
				ENABLE_TESTABILITY = YES;
				GCC_C_LANGUAGE_STANDARD = gnu99;
				GCC_DYNAMIC_NO_PIC = NO;
				GCC_NO_COMMON_BLOCKS = YES;
				GCC_OPTIMIZATION_LEVEL = 0;
				GCC_PREPROCESSOR_DEFINITIONS = (
					"DEBUG=1",
					"$(inherited)",
				);
				GCC_WARN_64_TO_32_BIT_CONVERSION = YES;
				GCC_WARN_ABOUT_RETURN_TYPE = YES_ERROR;
				GCC_WARN_UNDECLARED_SELECTOR = YES;
				GCC_WARN_UNINITIALIZED_AUTOS = YES_AGGRESSIVE;
				GCC_WARN_UNUSED_FUNCTION = YES;
				GCC_WARN_UNUSED_VARIABLE = YES;
				IPHONEOS_DEPLOYMENT_TARGET = 10.3;
				MTL_ENABLE_DEBUG_INFO = YES;
				ONLY_ACTIVE_ARCH = YES;
				SDKROOT = iphoneos;
				SWIFT_ACTIVE_COMPILATION_CONDITIONS = DEBUG;
				SWIFT_OPTIMIZATION_LEVEL = "-Onone";
				TARGETED_DEVICE_FAMILY = "1,2";
			};
			name = Debug;
		};
		43D09B881F431D90001A443A /* Release */ = {
			isa = XCBuildConfiguration;
			buildSettings = {
				ALWAYS_SEARCH_USER_PATHS = NO;
				CLANG_ANALYZER_NONNULL = YES;
				CLANG_ANALYZER_NUMBER_OBJECT_CONVERSION = YES_AGGRESSIVE;
				CLANG_CXX_LANGUAGE_STANDARD = "gnu++0x";
				CLANG_CXX_LIBRARY = "libc++";
				CLANG_ENABLE_MODULES = YES;
				CLANG_ENABLE_OBJC_ARC = YES;
				CLANG_WARN_BOOL_CONVERSION = YES;
				CLANG_WARN_CONSTANT_CONVERSION = YES;
				CLANG_WARN_DIRECT_OBJC_ISA_USAGE = YES_ERROR;
				CLANG_WARN_DOCUMENTATION_COMMENTS = YES;
				CLANG_WARN_EMPTY_BODY = YES;
				CLANG_WARN_ENUM_CONVERSION = YES;
				CLANG_WARN_INFINITE_RECURSION = YES;
				CLANG_WARN_INT_CONVERSION = YES;
				CLANG_WARN_OBJC_ROOT_CLASS = YES_ERROR;
				CLANG_WARN_SUSPICIOUS_MOVE = YES;
				CLANG_WARN_UNREACHABLE_CODE = YES;
				CLANG_WARN__DUPLICATE_METHOD_MATCH = YES;
				"CODE_SIGN_IDENTITY[sdk=iphoneos*]" = "iPhone Developer";
				COPY_PHASE_STRIP = NO;
				DEBUG_INFORMATION_FORMAT = "dwarf-with-dsym";
				ENABLE_NS_ASSERTIONS = NO;
				ENABLE_STRICT_OBJC_MSGSEND = YES;
				GCC_C_LANGUAGE_STANDARD = gnu99;
				GCC_NO_COMMON_BLOCKS = YES;
				GCC_WARN_64_TO_32_BIT_CONVERSION = YES;
				GCC_WARN_ABOUT_RETURN_TYPE = YES_ERROR;
				GCC_WARN_UNDECLARED_SELECTOR = YES;
				GCC_WARN_UNINITIALIZED_AUTOS = YES_AGGRESSIVE;
				GCC_WARN_UNUSED_FUNCTION = YES;
				GCC_WARN_UNUSED_VARIABLE = YES;
				IPHONEOS_DEPLOYMENT_TARGET = 10.3;
				MTL_ENABLE_DEBUG_INFO = NO;
				SDKROOT = iphoneos;
				SWIFT_OPTIMIZATION_LEVEL = "-Owholemodule";
				TARGETED_DEVICE_FAMILY = "1,2";
				VALIDATE_PRODUCT = YES;
			};
			name = Release;
		};
		43D09B8A1F431D90001A443A /* Debug */ = {
			isa = XCBuildConfiguration;
			buildSettings = {
				ASSETCATALOG_COMPILER_APPICON_NAME = AppIcon;
				INFOPLIST_FILE = "Swift-Local_WebView-Sample/Info.plist";
				LD_RUNPATH_SEARCH_PATHS = "$(inherited) @executable_path/Frameworks";
				PRODUCT_BUNDLE_IDENTIFIER = "com.tk.test.Swift-Local-WebView-Sample";
				PRODUCT_NAME = "$(TARGET_NAME)";
				SWIFT_VERSION = 3.0;
			};
			name = Debug;
		};
		43D09B8B1F431D90001A443A /* Release */ = {
			isa = XCBuildConfiguration;
			buildSettings = {
				ASSETCATALOG_COMPILER_APPICON_NAME = AppIcon;
				INFOPLIST_FILE = "Swift-Local_WebView-Sample/Info.plist";
				LD_RUNPATH_SEARCH_PATHS = "$(inherited) @executable_path/Frameworks";
				PRODUCT_BUNDLE_IDENTIFIER = "com.tk.test.Swift-Local-WebView-Sample";
				PRODUCT_NAME = "$(TARGET_NAME)";
				SWIFT_VERSION = 3.0;
			};
			name = Release;
		};
		43D09B8D1F431D90001A443A /* Debug */ = {
			isa = XCBuildConfiguration;
			buildSettings = {
				ALWAYS_EMBED_SWIFT_STANDARD_LIBRARIES = YES;
				BUNDLE_LOADER = "$(TEST_HOST)";
				INFOPLIST_FILE = "Swift-Local_WebView-SampleTests/Info.plist";
				LD_RUNPATH_SEARCH_PATHS = "$(inherited) @executable_path/Frameworks @loader_path/Frameworks";
				PRODUCT_BUNDLE_IDENTIFIER = "com.tk.test.Swift-Local-WebView-SampleTests";
				PRODUCT_NAME = "$(TARGET_NAME)";
				SWIFT_VERSION = 3.0;
				TEST_HOST = "$(BUILT_PRODUCTS_DIR)/Swift-Local_WebView-Sample.app/Swift-Local_WebView-Sample";
			};
			name = Debug;
		};
		43D09B8E1F431D90001A443A /* Release */ = {
			isa = XCBuildConfiguration;
			buildSettings = {
				ALWAYS_EMBED_SWIFT_STANDARD_LIBRARIES = YES;
				BUNDLE_LOADER = "$(TEST_HOST)";
				INFOPLIST_FILE = "Swift-Local_WebView-SampleTests/Info.plist";
				LD_RUNPATH_SEARCH_PATHS = "$(inherited) @executable_path/Frameworks @loader_path/Frameworks";
				PRODUCT_BUNDLE_IDENTIFIER = "com.tk.test.Swift-Local-WebView-SampleTests";
				PRODUCT_NAME = "$(TARGET_NAME)";
				SWIFT_VERSION = 3.0;
				TEST_HOST = "$(BUILT_PRODUCTS_DIR)/Swift-Local_WebView-Sample.app/Swift-Local_WebView-Sample";
			};
			name = Release;
		};
		43D09B901F431D90001A443A /* Debug */ = {
			isa = XCBuildConfiguration;
			buildSettings = {
				ALWAYS_EMBED_SWIFT_STANDARD_LIBRARIES = YES;
				INFOPLIST_FILE = "Swift-Local_WebView-SampleUITests/Info.plist";
				LD_RUNPATH_SEARCH_PATHS = "$(inherited) @executable_path/Frameworks @loader_path/Frameworks";
				PRODUCT_BUNDLE_IDENTIFIER = "com.tk.test.Swift-Local-WebView-SampleUITests";
				PRODUCT_NAME = "$(TARGET_NAME)";
				SWIFT_VERSION = 3.0;
				TEST_TARGET_NAME = "Swift-Local_WebView-Sample";
			};
			name = Debug;
		};
		43D09B911F431D90001A443A /* Release */ = {
			isa = XCBuildConfiguration;
			buildSettings = {
				ALWAYS_EMBED_SWIFT_STANDARD_LIBRARIES = YES;
				INFOPLIST_FILE = "Swift-Local_WebView-SampleUITests/Info.plist";
				LD_RUNPATH_SEARCH_PATHS = "$(inherited) @executable_path/Frameworks @loader_path/Frameworks";
				PRODUCT_BUNDLE_IDENTIFIER = "com.tk.test.Swift-Local-WebView-SampleUITests";
				PRODUCT_NAME = "$(TARGET_NAME)";
				SWIFT_VERSION = 3.0;
				TEST_TARGET_NAME = "Swift-Local_WebView-Sample";
			};
			name = Release;
		};
/* End XCBuildConfiguration section */

/* Begin XCConfigurationList section */
		43D09B5C1F431D90001A443A /* Build configuration list for PBXProject "Swift-Local_WebView-Sample" */ = {
			isa = XCConfigurationList;
			buildConfigurations = (
				43D09B871F431D90001A443A /* Debug */,
				43D09B881F431D90001A443A /* Release */,
			);
			defaultConfigurationIsVisible = 0;
			defaultConfigurationName = Release;
		};
		43D09B891F431D90001A443A /* Build configuration list for PBXNativeTarget "Swift-Local_WebView-Sample" */ = {
			isa = XCConfigurationList;
			buildConfigurations = (
				43D09B8A1F431D90001A443A /* Debug */,
				43D09B8B1F431D90001A443A /* Release */,
			);
			defaultConfigurationIsVisible = 0;
			defaultConfigurationName = Release;
		};
		43D09B8C1F431D90001A443A /* Build configuration list for PBXNativeTarget "Swift-Local_WebView-SampleTests" */ = {
			isa = XCConfigurationList;
			buildConfigurations = (
				43D09B8D1F431D90001A443A /* Debug */,
				43D09B8E1F431D90001A443A /* Release */,
			);
			defaultConfigurationIsVisible = 0;
			defaultConfigurationName = Release;
		};
		43D09B8F1F431D90001A443A /* Build configuration list for PBXNativeTarget "Swift-Local_WebView-SampleUITests" */ = {
			isa = XCConfigurationList;
			buildConfigurations = (
				43D09B901F431D90001A443A /* Debug */,
				43D09B911F431D90001A443A /* Release */,
			);
			defaultConfigurationIsVisible = 0;
			defaultConfigurationName = Release;
		};
/* End XCConfigurationList section */
	};
	rootObject = 43D09B591F431D90001A443A /* Project object */;
}
